<?xml version="1.0" encoding="UTF-8" standalone="yes" ?>
<CodeBlocks_project_file>
	<FileVersion major="1" minor="6" />
	<Project>
		<Option title="Marlin" />
		<Option pch_mode="2" />
		<Option compiler="null" />
		<Build>
			<Target title="Release">
				<Option type="4" />
				<Option compiler="null" />
				<Option host_application="D:/Marlin/Marlin/CodeBlocksBuild.bat" />
				<Option run_host_application_in_terminal="0" />
				<Script file="AB" />
			</Target>
			<Target title="Test">
				<Option type="4" />
				<Option compiler="null" />
			</Target>
		</Build>
		<Unit filename="../Marlin/Configuration.h" />
		<Unit filename="../Marlin/Configuration_adv.h" />
		<Unit filename="../Marlin/Makefile" />
		<Unit filename="../Marlin/Marlin.ino" />
		<Unit filename="../Marlin/src/HAL/Delay.h" />
		<Unit filename="../Marlin/src/HAL/HAL_AVR/HAL.cpp" />
		<Unit filename="../Marlin/src/HAL/HAL_AVR/HAL.h" />
		<Unit filename="../Marlin/src/HAL/HAL_AVR/HAL_spi_AVR.cpp" />
		<Unit filename="../Marlin/src/HAL/HAL_AVR/MarlinSerial.cpp" />
		<Unit filename="../Marlin/src/HAL/HAL_AVR/MarlinSerial.h" />
		<Unit filename="../Marlin/src/HAL/HAL_AVR/SanityCheck.h" />
		<Unit filename="../Marlin/src/HAL/HAL_AVR/ServoTimers.h" />
		<Unit filename="../Marlin/src/HAL/HAL_AVR/endstop_interrupts.h" />
		<Unit filename="../Marlin/src/HAL/HAL_AVR/fastio_1280.h" />
		<Unit filename="../Marlin/src/HAL/HAL_AVR/fastio_1281.h" />
		<Unit filename="../Marlin/src/HAL/HAL_AVR/fastio_168.h" />
		<Unit filename="../Marlin/src/HAL/HAL_AVR/fastio_644.h" />
		<Unit filename="../Marlin/src/HAL/HAL_AVR/fastio_AT90USB.h" />
		<Unit filename="../Marlin/src/HAL/HAL_AVR/fastio_AVR.h" />
		<Unit filename="../Marlin/src/HAL/HAL_AVR/math_AVR.h" />
		<Unit filename="../Marlin/src/HAL/HAL_AVR/persistent_store_impl.cpp" />
		<Unit filename="../Marlin/src/HAL/HAL_AVR/pinsDebug.h" />
		<Unit filename="../Marlin/src/HAL/HAL_AVR/pinsDebug_Teensyduino.h" />
		<Unit filename="../Marlin/src/HAL/HAL_AVR/pinsDebug_plus_70.h" />
		<Unit filename="../Marlin/src/HAL/HAL_AVR/servo_AVR.cpp" />
		<Unit filename="../Marlin/src/HAL/HAL_AVR/spi_pins.h" />
		<Unit filename="../Marlin/src/HAL/HAL_AVR/watchdog_AVR.cpp" />
		<Unit filename="../Marlin/src/HAL/HAL_AVR/watchdog_AVR.h" />
		<Unit filename="../Marlin/src/HAL/HAL_DUE/DebugMonitor_Due.cpp" />
		<Unit filename="../Marlin/src/HAL/HAL_DUE/EepromEmulation_Due.cpp" />
		<Unit filename="../Marlin/src/HAL/HAL_DUE/HAL.cpp" />
		<Unit filename="../Marlin/src/HAL/HAL_DUE/HAL.h" />
		<Unit filename="../Marlin/src/HAL/HAL_DUE/HAL_spi_Due.cpp" />
		<Unit filename="../Marlin/src/HAL/HAL_DUE/HAL_timers_Due.cpp" />
		<Unit filename="../Marlin/src/HAL/HAL_DUE/HAL_timers_Due.h" />
		<Unit filename="../Marlin/src/HAL/HAL_DUE/InterruptVectors_Due.cpp" />
		<Unit filename="../Marlin/src/HAL/HAL_DUE/InterruptVectors_Due.h" />
		<Unit filename="../Marlin/src/HAL/HAL_DUE/MarlinSerialUSB_Due.cpp" />
		<Unit filename="../Marlin/src/HAL/HAL_DUE/MarlinSerialUSB_Due.h" />
		<Unit filename="../Marlin/src/HAL/HAL_DUE/MarlinSerial_Due.cpp" />
		<Unit filename="../Marlin/src/HAL/HAL_DUE/MarlinSerial_Due.h" />
		<Unit filename="../Marlin/src/HAL/HAL_DUE/SanityCheck.h" />
		<Unit filename="../Marlin/src/HAL/HAL_DUE/ServoTimers.h" />
		<Unit filename="../Marlin/src/HAL/HAL_DUE/Servo_Due.cpp" />
		<Unit filename="../Marlin/src/HAL/HAL_DUE/Tone.cpp" />
		<Unit filename="../Marlin/src/HAL/HAL_DUE/endstop_interrupts.h" />
		<Unit filename="../Marlin/src/HAL/HAL_DUE/fastio_Due.h" />
		<Unit filename="../Marlin/src/HAL/HAL_DUE/persistent_store_impl.cpp" />
		<Unit filename="../Marlin/src/HAL/HAL_DUE/pinsDebug.h" />
		<Unit filename="../Marlin/src/HAL/HAL_DUE/spi_pins.h" />
		<Unit filename="../Marlin/src/HAL/HAL_DUE/u8g_com_HAL_DUE_shared_hw_spi.cpp" />
		<Unit filename="../Marlin/src/HAL/HAL_DUE/u8g_com_HAL_DUE_st7920_sw_spi.cpp" />
		<Unit filename="../Marlin/src/HAL/HAL_DUE/usb/arduino_due_x.h" />
		<Unit filename="../Marlin/src/HAL/HAL_DUE/usb/compiler.h" />
		<Unit filename="../Marlin/src/HAL/HAL_DUE/usb/conf_access.h" />
		<Unit filename="../Marlin/src/HAL/HAL_DUE/usb/conf_clock.h" />
		<Unit filename="../Marlin/src/HAL/HAL_DUE/usb/conf_usb.h" />
		<Unit filename="../Marlin/src/HAL/HAL_DUE/usb/ctrl_access.c">
			<Option compilerVar="CC" />
		</Unit>
		<Unit filename="../Marlin/src/HAL/HAL_DUE/usb/ctrl_access.h" />
		<Unit filename="../Marlin/src/HAL/HAL_DUE/usb/genclk.h" />
		<Unit filename="../Marlin/src/HAL/HAL_DUE/usb/mrepeat.h" />
		<Unit filename="../Marlin/src/HAL/HAL_DUE/usb/osc.h" />
		<Unit filename="../Marlin/src/HAL/HAL_DUE/usb/pll.h" />
		<Unit filename="../Marlin/src/HAL/HAL_DUE/usb/preprocessor.h" />
		<Unit filename="../Marlin/src/HAL/HAL_DUE/usb/sbc_protocol.h" />
		<Unit filename="../Marlin/src/HAL/HAL_DUE/usb/sd_mmc_spi_mem.cpp" />
		<Unit filename="../Marlin/src/HAL/HAL_DUE/usb/sd_mmc_spi_mem.h" />
		<Unit filename="../Marlin/src/HAL/HAL_DUE/usb/spc_protocol.h" />
		<Unit filename="../Marlin/src/HAL/HAL_DUE/usb/stringz.h" />
		<Unit filename="../Marlin/src/HAL/HAL_DUE/usb/sysclk.c">
			<Option compilerVar="CC" />
		</Unit>
		<Unit filename="../Marlin/src/HAL/HAL_DUE/usb/sysclk.h" />
		<Unit filename="../Marlin/src/HAL/HAL_DUE/usb/tpaste.h" />
		<Unit filename="../Marlin/src/HAL/HAL_DUE/usb/udc.c">
			<Option compilerVar="CC" />
		</Unit>
		<Unit filename="../Marlin/src/HAL/HAL_DUE/usb/udc.h" />
		<Unit filename="../Marlin/src/HAL/HAL_DUE/usb/udc_desc.h" />
		<Unit filename="../Marlin/src/HAL/HAL_DUE/usb/udd.h" />
		<Unit filename="../Marlin/src/HAL/HAL_DUE/usb/udi.h" />
		<Unit filename="../Marlin/src/HAL/HAL_DUE/usb/udi_cdc.c">
			<Option compilerVar="CC" />
		</Unit>
		<Unit filename="../Marlin/src/HAL/HAL_DUE/usb/udi_cdc.h" />
		<Unit filename="../Marlin/src/HAL/HAL_DUE/usb/udi_cdc_conf.h" />
		<Unit filename="../Marlin/src/HAL/HAL_DUE/usb/udi_cdc_desc.c">
			<Option compilerVar="CC" />
		</Unit>
		<Unit filename="../Marlin/src/HAL/HAL_DUE/usb/udi_composite_desc.c">
			<Option compilerVar="CC" />
		</Unit>
		<Unit filename="../Marlin/src/HAL/HAL_DUE/usb/udi_msc.c">
			<Option compilerVar="CC" />
		</Unit>
		<Unit filename="../Marlin/src/HAL/HAL_DUE/usb/udi_msc.h" />
		<Unit filename="../Marlin/src/HAL/HAL_DUE/usb/uotghs_device_due.c">
			<Option compilerVar="CC" />
		</Unit>
		<Unit filename="../Marlin/src/HAL/HAL_DUE/usb/uotghs_device_due.h" />
		<Unit filename="../Marlin/src/HAL/HAL_DUE/usb/uotghs_otg.h" />
		<Unit filename="../Marlin/src/HAL/HAL_DUE/usb/usb_protocol.h" />
		<Unit filename="../Marlin/src/HAL/HAL_DUE/usb/usb_protocol_cdc.h" />
		<Unit filename="../Marlin/src/HAL/HAL_DUE/usb/usb_protocol_msc.h" />
		<Unit filename="../Marlin/src/HAL/HAL_DUE/usb/usb_task.c">
			<Option compilerVar="CC" />
		</Unit>
		<Unit filename="../Marlin/src/HAL/HAL_DUE/usb/usb_task.h" />
		<Unit filename="../Marlin/src/HAL/HAL_DUE/watchdog_Due.cpp" />
		<Unit filename="../Marlin/src/HAL/HAL_DUE/watchdog_Due.h" />
		<Unit filename="../Marlin/src/HAL/HAL_LPC1768/HAL.cpp" />
		<Unit filename="../Marlin/src/HAL/HAL_LPC1768/HAL.h" />
		<Unit filename="../Marlin/src/HAL/HAL_LPC1768/HAL_spi.cpp" />
		<Unit filename="../Marlin/src/HAL/HAL_LPC1768/HAL_temp.h" />
		<Unit filename="../Marlin/src/HAL/HAL_LPC1768/HAL_timers.cpp" />
		<Unit filename="../Marlin/src/HAL/HAL_LPC1768/HAL_timers.h" />
		<Unit filename="../Marlin/src/HAL/HAL_LPC1768/HardwareSerial.cpp" />
		<Unit filename="../Marlin/src/HAL/HAL_LPC1768/HardwareSerial.h" />
		<Unit filename="../Marlin/src/HAL/HAL_LPC1768/LPC1768_PWM.cpp" />
		<Unit filename="../Marlin/src/HAL/HAL_LPC1768/LPC1768_PWM.h" />
		<Unit filename="../Marlin/src/HAL/HAL_LPC1768/LPC1768_Servo.cpp" />
		<Unit filename="../Marlin/src/HAL/HAL_LPC1768/LPC1768_Servo.h" />
		<Unit filename="../Marlin/src/HAL/HAL_LPC1768/SanityCheck.h" />
		<Unit filename="../Marlin/src/HAL/HAL_LPC1768/SoftwareSPI.cpp" />
		<Unit filename="../Marlin/src/HAL/HAL_LPC1768/SoftwareSPI.h" />
		<Unit filename="../Marlin/src/HAL/HAL_LPC1768/SoftwareSerial.cpp" />
		<Unit filename="../Marlin/src/HAL/HAL_LPC1768/SoftwareSerial.h" />
		<Unit filename="../Marlin/src/HAL/HAL_LPC1768/WInterrupts.cpp" />
		<Unit filename="../Marlin/src/HAL/HAL_LPC1768/arduino.cpp" />
		<Unit filename="../Marlin/src/HAL/HAL_LPC1768/endstop_interrupts.h" />
		<Unit filename="../Marlin/src/HAL/HAL_LPC1768/fastio.h" />
		<Unit filename="../Marlin/src/HAL/HAL_LPC1768/include/Arduino.h" />
		<Unit filename="../Marlin/src/HAL/HAL_LPC1768/include/SPI.h" />
		<Unit filename="../Marlin/src/HAL/HAL_LPC1768/include/Wire.cpp" />
		<Unit filename="../Marlin/src/HAL/HAL_LPC1768/include/Wire.h" />
		<Unit filename="../Marlin/src/HAL/HAL_LPC1768/include/digipot_mcp4451_I2C_routines.c">
			<Option compilerVar="CC" />
		</Unit>
		<Unit filename="../Marlin/src/HAL/HAL_LPC1768/include/digipot_mcp4451_I2C_routines.h" />
		<Unit filename="../Marlin/src/HAL/HAL_LPC1768/include/pinmapping.cpp" />
		<Unit filename="../Marlin/src/HAL/HAL_LPC1768/include/pinmapping.h" />
		<Unit filename="../Marlin/src/HAL/HAL_LPC1768/include/serial.h" />
		<Unit filename="../Marlin/src/HAL/HAL_LPC1768/main.cpp" />
		<Unit filename="../Marlin/src/HAL/HAL_LPC1768/persistent_store_impl.cpp" />
		<Unit filename="../Marlin/src/HAL/HAL_LPC1768/pinsDebug.h" />
		<Unit filename="../Marlin/src/HAL/HAL_LPC1768/servo_private.h" />
		<Unit filename="../Marlin/src/HAL/HAL_LPC1768/spi_pins.h" />
		<Unit filename="../Marlin/src/HAL/HAL_LPC1768/u8g/HAL_LCD_I2C_routines.c">
			<Option compilerVar="CC" />
		</Unit>
		<Unit filename="../Marlin/src/HAL/HAL_LPC1768/u8g/HAL_LCD_I2C_routines.h" />
		<Unit filename="../Marlin/src/HAL/HAL_LPC1768/u8g/HAL_LCD_defines.h" />
		<Unit filename="../Marlin/src/HAL/HAL_LPC1768/u8g/HAL_LCD_delay.h" />
		<Unit filename="../Marlin/src/HAL/HAL_LPC1768/u8g/HAL_LCD_pin_routines.c">
			<Option compilerVar="CC" />
		</Unit>
		<Unit filename="../Marlin/src/HAL/HAL_LPC1768/u8g/HAL_LCD_pin_routines.h" />
		<Unit filename="../Marlin/src/HAL/HAL_LPC1768/u8g_com_HAL_LPC1768_hw_spi.cpp" />
		<Unit filename="../Marlin/src/HAL/HAL_LPC1768/u8g_com_HAL_LPC1768_ssd_hw_i2c.cpp" />
		<Unit filename="../Marlin/src/HAL/HAL_LPC1768/u8g_com_HAL_LPC1768_st7920_hw_spi.cpp" />
		<Unit filename="../Marlin/src/HAL/HAL_LPC1768/u8g_com_HAL_LPC1768_st7920_sw_spi.cpp" />
		<Unit filename="../Marlin/src/HAL/HAL_LPC1768/u8g_com_HAL_LPC1768_sw_spi.cpp" />
		<Unit filename="../Marlin/src/HAL/HAL_LPC1768/watchdog.cpp" />
		<Unit filename="../Marlin/src/HAL/HAL_LPC1768/watchdog.h" />
		<Unit filename="../Marlin/src/HAL/HAL_SPI.h" />
		<Unit filename="../Marlin/src/HAL/HAL_STM32F1/HAL.cpp" />
		<Unit filename="../Marlin/src/HAL/HAL_STM32F1/HAL.h" />
		<Unit filename="../Marlin/src/HAL/HAL_STM32F1/HAL_Servo_Stm32f1.cpp" />
		<Unit filename="../Marlin/src/HAL/HAL_STM32F1/HAL_Servo_Stm32f1.h" />
		<Unit filename="../Marlin/src/HAL/HAL_STM32F1/HAL_spi_Stm32f1.cpp" />
		<Unit filename="../Marlin/src/HAL/HAL_STM32F1/HAL_timers_Stm32f1.cpp" />
		<Unit filename="../Marlin/src/HAL/HAL_STM32F1/HAL_timers_Stm32f1.h" />
		<Unit filename="../Marlin/src/HAL/HAL_STM32F1/SanityCheck.h" />
		<Unit filename="../Marlin/src/HAL/HAL_STM32F1/endstop_interrupts.h" />
		<Unit filename="../Marlin/src/HAL/HAL_STM32F1/fastio_Stm32f1.h" />
		<Unit filename="../Marlin/src/HAL/HAL_STM32F1/persistent_store_flash.cpp" />
		<Unit filename="../Marlin/src/HAL/HAL_STM32F1/persistent_store_impl.cpp" />
		<Unit filename="../Marlin/src/HAL/HAL_STM32F1/pinsDebug.h" />
		<Unit filename="../Marlin/src/HAL/HAL_STM32F1/spi_pins.h" />
		<Unit filename="../Marlin/src/HAL/HAL_STM32F1/watchdog_Stm32f1.cpp" />
		<Unit filename="../Marlin/src/HAL/HAL_STM32F1/watchdog_Stm32f1.h" />
		<Unit filename="../Marlin/src/HAL/HAL_STM32F4/EEPROM_Emul/eeprom_emul.cpp" />
		<Unit filename="../Marlin/src/HAL/HAL_STM32F4/EEPROM_Emul/eeprom_emul.h" />
		<Unit filename="../Marlin/src/HAL/HAL_STM32F4/EmulatedEeprom.cpp" />
		<Unit filename="../Marlin/src/HAL/HAL_STM32F4/HAL.cpp" />
		<Unit filename="../Marlin/src/HAL/HAL_STM32F4/HAL.h" />
		<Unit filename="../Marlin/src/HAL/HAL_STM32F4/HAL_Servo_STM32F4.cpp" />
		<Unit filename="../Marlin/src/HAL/HAL_STM32F4/HAL_Servo_STM32F4.h" />
		<Unit filename="../Marlin/src/HAL/HAL_STM32F4/HAL_spi_STM32F4.cpp" />
		<Unit filename="../Marlin/src/HAL/HAL_STM32F4/HAL_timers_STM32F4.cpp" />
		<Unit filename="../Marlin/src/HAL/HAL_STM32F4/HAL_timers_STM32F4.h" />
		<Unit filename="../Marlin/src/HAL/HAL_STM32F4/SanityCheck.h" />
		<Unit filename="../Marlin/src/HAL/HAL_STM32F4/endstop_interrupts.h" />
		<Unit filename="../Marlin/src/HAL/HAL_STM32F4/fastio_STM32F4.h" />
		<Unit filename="../Marlin/src/HAL/HAL_STM32F4/persistent_store_impl.cpp" />
		<Unit filename="../Marlin/src/HAL/HAL_STM32F4/pinsDebug.h" />
		<Unit filename="../Marlin/src/HAL/HAL_STM32F4/spi_pins.h" />
		<Unit filename="../Marlin/src/HAL/HAL_STM32F4/watchdog_STM32F4.cpp" />
		<Unit filename="../Marlin/src/HAL/HAL_STM32F4/watchdog_STM32F4.h" />
		<Unit filename="../Marlin/src/HAL/HAL_STM32F7/EEPROM_Emul/eeprom_emul.cpp" />
		<Unit filename="../Marlin/src/HAL/HAL_STM32F7/EEPROM_Emul/eeprom_emul.h" />
		<Unit filename="../Marlin/src/HAL/HAL_STM32F7/EmulatedEeprom.cpp" />
		<Unit filename="../Marlin/src/HAL/HAL_STM32F7/HAL.cpp" />
		<Unit filename="../Marlin/src/HAL/HAL_STM32F7/HAL.h" />
		<Unit filename="../Marlin/src/HAL/HAL_STM32F7/HAL_Servo_STM32F7.cpp" />
		<Unit filename="../Marlin/src/HAL/HAL_STM32F7/HAL_Servo_STM32F7.h" />
		<Unit filename="../Marlin/src/HAL/HAL_STM32F7/HAL_spi_STM32F7.cpp" />
		<Unit filename="../Marlin/src/HAL/HAL_STM32F7/HAL_timers_STM32F7.cpp" />
		<Unit filename="../Marlin/src/HAL/HAL_STM32F7/HAL_timers_STM32F7.h" />
		<Unit filename="../Marlin/src/HAL/HAL_STM32F7/SanityCheck.h" />
		<Unit filename="../Marlin/src/HAL/HAL_STM32F7/TMC2660.cpp" />
		<Unit filename="../Marlin/src/HAL/HAL_STM32F7/TMC2660.h" />
		<Unit filename="../Marlin/src/HAL/HAL_STM32F7/endstop_interrupts.h" />
		<Unit filename="../Marlin/src/HAL/HAL_STM32F7/fastio_STM32F7.h" />
		<Unit filename="../Marlin/src/HAL/HAL_STM32F7/persistent_store_impl.cpp" />
		<Unit filename="../Marlin/src/HAL/HAL_STM32F7/pinsDebug.h" />
		<Unit filename="../Marlin/src/HAL/HAL_STM32F7/spi_pins.h" />
		<Unit filename="../Marlin/src/HAL/HAL_STM32F7/watchdog_STM32F7.cpp" />
		<Unit filename="../Marlin/src/HAL/HAL_STM32F7/watchdog_STM32F7.h" />
		<Unit filename="../Marlin/src/HAL/HAL_TEENSY35_36/HAL.cpp" />
		<Unit filename="../Marlin/src/HAL/HAL_TEENSY35_36/HAL.h" />
		<Unit filename="../Marlin/src/HAL/HAL_TEENSY35_36/HAL_Servo_Teensy.cpp" />
		<Unit filename="../Marlin/src/HAL/HAL_TEENSY35_36/HAL_Servo_Teensy.h" />
		<Unit filename="../Marlin/src/HAL/HAL_TEENSY35_36/HAL_spi_Teensy.cpp" />
		<Unit filename="../Marlin/src/HAL/HAL_TEENSY35_36/HAL_timers_Teensy.cpp" />
		<Unit filename="../Marlin/src/HAL/HAL_TEENSY35_36/HAL_timers_Teensy.h" />
		<Unit filename="../Marlin/src/HAL/HAL_TEENSY35_36/SanityCheck.h" />
		<Unit filename="../Marlin/src/HAL/HAL_TEENSY35_36/endstop_interrupts.h" />
		<Unit filename="../Marlin/src/HAL/HAL_TEENSY35_36/fastio_Teensy.h" />
		<Unit filename="../Marlin/src/HAL/HAL_TEENSY35_36/persistent_store_impl.cpp" />
		<Unit filename="../Marlin/src/HAL/HAL_TEENSY35_36/pinsDebug.h" />
		<Unit filename="../Marlin/src/HAL/HAL_TEENSY35_36/spi_pins.h" />
		<Unit filename="../Marlin/src/HAL/HAL_TEENSY35_36/watchdog_Teensy.cpp" />
		<Unit filename="../Marlin/src/HAL/HAL_TEENSY35_36/watchdog_Teensy.h" />
		<Unit filename="../Marlin/src/HAL/I2cEeprom.cpp" />
		<Unit filename="../Marlin/src/HAL/SpiEeprom.cpp" />
		<Unit filename="../Marlin/src/HAL/math_32bit.h" />
		<Unit filename="../Marlin/src/HAL/persistent_store_api.h" />
		<Unit filename="../Marlin/src/HAL/platforms.h" />
		<Unit filename="../Marlin/src/HAL/servo.cpp" />
		<Unit filename="../Marlin/src/HAL/servo.h" />
		<Unit filename="../Marlin/src/HAL/servo_private.h" />
		<Unit filename="../Marlin/src/Marlin.cpp" />
		<Unit filename="../Marlin/src/Marlin.h" />
		<Unit filename="../Marlin/src/backtrace/backtrace.cpp" />
		<Unit filename="../Marlin/src/backtrace/backtrace.h" />
		<Unit filename="../Marlin/src/backtrace/unwarm.cpp" />
		<Unit filename="../Marlin/src/backtrace/unwarm.h" />
		<Unit filename="../Marlin/src/backtrace/unwarm_arm.cpp" />
		<Unit filename="../Marlin/src/backtrace/unwarm_thumb.cpp" />
		<Unit filename="../Marlin/src/backtrace/unwarmbytab.cpp" />
		<Unit filename="../Marlin/src/backtrace/unwarmbytab.h" />
		<Unit filename="../Marlin/src/backtrace/unwarmmem.cpp" />
		<Unit filename="../Marlin/src/backtrace/unwarmmem.h" />
		<Unit filename="../Marlin/src/backtrace/unwinder.cpp" />
		<Unit filename="../Marlin/src/backtrace/unwinder.h" />
		<Unit filename="../Marlin/src/backtrace/unwmemaccess.cpp" />
		<Unit filename="../Marlin/src/backtrace/unwmemaccess.h" />
		<Unit filename="../Marlin/src/config/default/Configuration.h" />
		<Unit filename="../Marlin/src/config/default/Configuration_adv.h" />
		<Unit filename="../Marlin/src/config/examples/AlephObjects/TAZ4/Configuration.h" />
		<Unit filename="../Marlin/src/config/examples/AlephObjects/TAZ4/Configuration_adv.h" />
		<Unit filename="../Marlin/src/config/examples/AliExpress/CL-260/Configuration.h" />
		<Unit filename="../Marlin/src/config/examples/Anet/A6/Configuration.h" />
		<Unit filename="../Marlin/src/config/examples/Anet/A6/Configuration_adv.h" />
		<Unit filename="../Marlin/src/config/examples/Anet/A8/Configuration.h" />
		<Unit filename="../Marlin/src/config/examples/Anet/A8/Configuration_adv.h" />
		<Unit filename="../Marlin/src/config/examples/Azteeg/X5GT/Configuration.h" />
		<Unit filename="../Marlin/src/config/examples/Azteeg/X5GT/Configuration_adv.h" />
		<Unit filename="../Marlin/src/config/examples/BIBO/TouchX/cyclops/Configuration.h" />
		<Unit filename="../Marlin/src/config/examples/BIBO/TouchX/cyclops/Configuration_adv.h" />
		<Unit filename="../Marlin/src/config/examples/BIBO/TouchX/default/Configuration.h" />
		<Unit filename="../Marlin/src/config/examples/BIBO/TouchX/default/Configuration_adv.h" />
		<Unit filename="../Marlin/src/config/examples/BQ/Hephestos/Configuration.h" />
		<Unit filename="../Marlin/src/config/examples/BQ/Hephestos/Configuration_adv.h" />
		<Unit filename="../Marlin/src/config/examples/BQ/Hephestos_2/Configuration.h" />
		<Unit filename="../Marlin/src/config/examples/BQ/Hephestos_2/Configuration_adv.h" />
		<Unit filename="../Marlin/src/config/examples/BQ/Hephestos_2/_Bootscreen.h" />
		<Unit filename="../Marlin/src/config/examples/BQ/WITBOX/Configuration.h" />
		<Unit filename="../Marlin/src/config/examples/BQ/WITBOX/Configuration_adv.h" />
		<Unit filename="../Marlin/src/config/examples/Cartesio/Configuration.h" />
		<Unit filename="../Marlin/src/config/examples/Cartesio/Configuration_adv.h" />
		<Unit filename="../Marlin/src/config/examples/Cartesio/_Bootscreen.h" />
		<Unit filename="../Marlin/src/config/examples/Creality/CR-10S/Configuration.h" />
		<Unit filename="../Marlin/src/config/examples/Creality/CR-10S/Configuration_adv.h" />
		<Unit filename="../Marlin/src/config/examples/Creality/CR-10S/_Bootscreen.h" />
		<Unit filename="../Marlin/src/config/examples/Creality/CR-10S/_Statusscreen.h" />
		<Unit filename="../Marlin/src/config/examples/Creality/CR-10/Configuration.h" />
		<Unit filename="../Marlin/src/config/examples/Creality/CR-10/Configuration_adv.h" />
		<Unit filename="../Marlin/src/config/examples/Creality/CR-10/_Bootscreen.h" />
		<Unit filename="../Marlin/src/config/examples/Creality/CR-10/_Statusscreen.h" />
		<Unit filename="../Marlin/src/config/examples/Creality/CR-10mini/Configuration.h" />
		<Unit filename="../Marlin/src/config/examples/Creality/CR-10mini/Configuration_adv.h" />
		<Unit filename="../Marlin/src/config/examples/Creality/CR-10mini/_Bootscreen.h" />
		<Unit filename="../Marlin/src/config/examples/Creality/CR-10mini/_Statusscreen.h" />
		<Unit filename="../Marlin/src/config/examples/Creality/CR-8/Configuration.h" />
		<Unit filename="../Marlin/src/config/examples/Creality/CR-8/Configuration_adv.h" />
		<Unit filename="../Marlin/src/config/examples/Creality/Ender-2/Configuration.h" />
		<Unit filename="../Marlin/src/config/examples/Creality/Ender-2/Configuration_adv.h" />
		<Unit filename="../Marlin/src/config/examples/Creality/Ender-2/_Bootscreen.h" />
		<Unit filename="../Marlin/src/config/examples/Creality/Ender-2/_Statusscreen.h" />
		<Unit filename="../Marlin/src/config/examples/Creality/Ender-3/Configuration.h" />
		<Unit filename="../Marlin/src/config/examples/Creality/Ender-3/Configuration_adv.h" />
		<Unit filename="../Marlin/src/config/examples/Creality/Ender-3/_Bootscreen.h" />
		<Unit filename="../Marlin/src/config/examples/Creality/Ender-3/_Statusscreen.h" />
		<Unit filename="../Marlin/src/config/examples/Creality/Ender-4/Configuration.h" />
		<Unit filename="../Marlin/src/config/examples/Creality/Ender-4/Configuration_adv.h" />
		<Unit filename="../Marlin/src/config/examples/Felix/Configuration.h" />
		<Unit filename="../Marlin/src/config/examples/Felix/Configuration_adv.h" />
		<Unit filename="../Marlin/src/config/examples/Felix/DUAL/Configuration.h" />
		<Unit filename="../Marlin/src/config/examples/FolgerTech/i3-2020/Configuration.h" />
		<Unit filename="../Marlin/src/config/examples/FolgerTech/i3-2020/Configuration_adv.h" />
		<Unit filename="../Marlin/src/config/examples/Geeetech/GT2560/Configuration.h" />
		<Unit filename="../Marlin/src/config/examples/Geeetech/I3_Pro_X-GT2560/Configuration.h" />
		<Unit filename="../Marlin/src/config/examples/Geeetech/Prusa i3 Pro B/bltouch/Configuration.h" />
		<Unit filename="../Marlin/src/config/examples/Geeetech/Prusa i3 Pro B/noprobe/Configuration.h" />
		<Unit filename="../Marlin/src/config/examples/Geeetech/Prusa i3 Pro C/Configuration.h" />
		<Unit filename="../Marlin/src/config/examples/Geeetech/Prusa i3 Pro C/Configuration_adv.h" />
		<Unit filename="../Marlin/src/config/examples/Geeetech/Prusa i3 Pro W/Configuration.h" />
		<Unit filename="../Marlin/src/config/examples/Geeetech/Prusa i3 Pro W/Configuration_adv.h" />
		<Unit filename="../Marlin/src/config/examples/Infitary/i3-M508/Configuration.h" />
		<Unit filename="../Marlin/src/config/examples/Infitary/i3-M508/Configuration_adv.h" />
		<Unit filename="../Marlin/src/config/examples/JGAurora/A5/Configuration.h" />
		<Unit filename="../Marlin/src/config/examples/JGAurora/A5/Configuration_adv.h" />
		<Unit filename="../Marlin/src/config/examples/MakerParts/Configuration.h" />
		<Unit filename="../Marlin/src/config/examples/MakerParts/Configuration_adv.h" />
		<Unit filename="../Marlin/src/config/examples/MakerParts/_Bootscreen.h" />
		<Unit filename="../Marlin/src/config/examples/Malyan/M150/Configuration.h" />
		<Unit filename="../Marlin/src/config/examples/Malyan/M150/Configuration_adv.h" />
		<Unit filename="../Marlin/src/config/examples/Malyan/M150/_Bootscreen.h" />
		<Unit filename="../Marlin/src/config/examples/Malyan/M200/Configuration.h" />
		<Unit filename="../Marlin/src/config/examples/Malyan/M200/Configuration_adv.h" />
		<Unit filename="../Marlin/src/config/examples/Micromake/C1/basic/Configuration.h" />
		<Unit filename="../Marlin/src/config/examples/Micromake/C1/enhanced/Configuration.h" />
		<Unit filename="../Marlin/src/config/examples/Micromake/C1/enhanced/Configuration_adv.h" />
		<Unit filename="../Marlin/src/config/examples/Mks/Sbase/Configuration.h" />
		<Unit filename="../Marlin/src/config/examples/Mks/Sbase/Configuration_adv.h" />
		<Unit filename="../Marlin/src/config/examples/RepRapPro/Huxley/Configuration.h" />
		<Unit filename="../Marlin/src/config/examples/RepRapWorld/Megatronics/Configuration.h" />
		<Unit filename="../Marlin/src/config/examples/RigidBot/Configuration.h" />
		<Unit filename="../Marlin/src/config/examples/RigidBot/Configuration_adv.h" />
		<Unit filename="../Marlin/src/config/examples/SCARA/Configuration.h" />
		<Unit filename="../Marlin/src/config/examples/SCARA/Configuration_adv.h" />
		<Unit filename="../Marlin/src/config/examples/STM32F10/Configuration.h" />
		<Unit filename="../Marlin/src/config/examples/STM32F4/Configuration.h" />
		<Unit filename="../Marlin/src/config/examples/Sanguinololu/Configuration.h" />
		<Unit filename="../Marlin/src/config/examples/Sanguinololu/Configuration_adv.h" />
		<Unit filename="../Marlin/src/config/examples/TheBorg/Configuration.h" />
		<Unit filename="../Marlin/src/config/examples/TheBorg/Configuration_adv.h" />
		<Unit filename="../Marlin/src/config/examples/TinyBoy2/Configuration.h" />
		<Unit filename="../Marlin/src/config/examples/TinyBoy2/Configuration_adv.h" />
		<Unit filename="../Marlin/src/config/examples/Tronxy/X1/Configuration.h" />
		<Unit filename="../Marlin/src/config/examples/Tronxy/X5S/Configuration.h" />
		<Unit filename="../Marlin/src/config/examples/Tronxy/XY100/Configuration.h" />
		<Unit filename="../Marlin/src/config/examples/UltiMachine/Archim2/Configuration.h" />
		<Unit filename="../Marlin/src/config/examples/UltiMachine/Archim2/Configuration_adv.h" />
		<Unit filename="../Marlin/src/config/examples/Velleman/K8200/Configuration.h" />
		<Unit filename="../Marlin/src/config/examples/Velleman/K8200/Configuration_adv.h" />
		<Unit filename="../Marlin/src/config/examples/Velleman/K8400/Configuration.h" />
		<Unit filename="../Marlin/src/config/examples/Velleman/K8400/Configuration_adv.h" />
		<Unit filename="../Marlin/src/config/examples/Velleman/K8400/Dual-head/Configuration.h" />
		<Unit filename="../Marlin/src/config/examples/Wanhao/Duplicator 6/Configuration.h" />
		<Unit filename="../Marlin/src/config/examples/Wanhao/Duplicator 6/Configuration_adv.h" />
		<Unit filename="../Marlin/src/config/examples/adafruit/ST7565/Configuration.h" />
		<Unit filename="../Marlin/src/config/examples/delta/FLSUN/auto_calibrate/Configuration.h" />
		<Unit filename="../Marlin/src/config/examples/delta/FLSUN/auto_calibrate/Configuration_adv.h" />
		<Unit filename="../Marlin/src/config/examples/delta/FLSUN/kossel/Configuration.h" />
		<Unit filename="../Marlin/src/config/examples/delta/FLSUN/kossel/Configuration_adv.h" />
		<Unit filename="../Marlin/src/config/examples/delta/FLSUN/kossel_mini/Configuration.h" />
		<Unit filename="../Marlin/src/config/examples/delta/FLSUN/kossel_mini/Configuration_adv.h" />
		<Unit filename="../Marlin/src/config/examples/delta/Hatchbox_Alpha/Configuration.h" />
		<Unit filename="../Marlin/src/config/examples/delta/generic/Configuration.h" />
		<Unit filename="../Marlin/src/config/examples/delta/generic/Configuration_adv.h" />
		<Unit filename="../Marlin/src/config/examples/delta/kossel_mini/Configuration.h" />
		<Unit filename="../Marlin/src/config/examples/delta/kossel_mini/Configuration_adv.h" />
		<Unit filename="../Marlin/src/config/examples/delta/kossel_pro/Configuration.h" />
		<Unit filename="../Marlin/src/config/examples/delta/kossel_pro/Configuration_adv.h" />
		<Unit filename="../Marlin/src/config/examples/delta/kossel_xl/Configuration.h" />
		<Unit filename="../Marlin/src/config/examples/delta/kossel_xl/Configuration_adv.h" />
		<Unit filename="../Marlin/src/config/examples/gCreate/gMax1.5+/Configuration.h" />
		<Unit filename="../Marlin/src/config/examples/gCreate/gMax1.5+/Configuration_adv.h" />
		<Unit filename="../Marlin/src/config/examples/gCreate/gMax1.5+/_Bootscreen.h" />
		<Unit filename="../Marlin/src/config/examples/makibox/Configuration.h" />
		<Unit filename="../Marlin/src/config/examples/makibox/Configuration_adv.h" />
		<Unit filename="../Marlin/src/config/examples/stm32f103ret6/Configuration.h" />
		<Unit filename="../Marlin/src/config/examples/tvrrug/Round2/Configuration.h" />
		<Unit filename="../Marlin/src/config/examples/tvrrug/Round2/Configuration_adv.h" />
		<Unit filename="../Marlin/src/config/examples/wt150/Configuration.h" />
		<Unit filename="../Marlin/src/config/examples/wt150/Configuration_adv.h" />
		<Unit filename="../Marlin/src/core/boards.h" />
		<Unit filename="../Marlin/src/core/enum.h" />
		<Unit filename="../Marlin/src/core/language.h" />
		<Unit filename="../Marlin/src/core/macros.h" />
		<Unit filename="../Marlin/src/core/serial.cpp" />
		<Unit filename="../Marlin/src/core/serial.h" />
		<Unit filename="../Marlin/src/core/types.h" />
		<Unit filename="../Marlin/src/core/utility.cpp" />
		<Unit filename="../Marlin/src/core/utility.h" />
		<Unit filename="../Marlin/src/feature/I2CPositionEncoder.cpp" />
		<Unit filename="../Marlin/src/feature/I2CPositionEncoder.h" />
		<Unit filename="../Marlin/src/feature/Max7219_Debug_LEDs.cpp" />
		<Unit filename="../Marlin/src/feature/Max7219_Debug_LEDs.h" />
		<Unit filename="../Marlin/src/feature/baricuda.cpp" />
		<Unit filename="../Marlin/src/feature/baricuda.h" />
		<Unit filename="../Marlin/src/feature/bedlevel/abl/abl.cpp" />
		<Unit filename="../Marlin/src/feature/bedlevel/abl/abl.h" />
		<Unit filename="../Marlin/src/feature/bedlevel/bedlevel.cpp" />
		<Unit filename="../Marlin/src/feature/bedlevel/bedlevel.h" />
		<Unit filename="../Marlin/src/feature/bedlevel/mbl/mesh_bed_leveling.cpp" />
		<Unit filename="../Marlin/src/feature/bedlevel/mbl/mesh_bed_leveling.h" />
		<Unit filename="../Marlin/src/feature/bedlevel/ubl/ubl.cpp" />
		<Unit filename="../Marlin/src/feature/bedlevel/ubl/ubl.h" />
		<Unit filename="../Marlin/src/feature/bedlevel/ubl/ubl_G29.cpp" />
		<Unit filename="../Marlin/src/feature/bedlevel/ubl/ubl_motion.cpp" />
		<Unit filename="../Marlin/src/feature/caselight.cpp" />
		<Unit filename="../Marlin/src/feature/caselight.h" />
		<Unit filename="../Marlin/src/feature/controllerfan.cpp" />
		<Unit filename="../Marlin/src/feature/controllerfan.h" />
		<Unit filename="../Marlin/src/feature/dac/dac_dac084s085.cpp" />
		<Unit filename="../Marlin/src/feature/dac/dac_dac084s085.h" />
		<Unit filename="../Marlin/src/feature/dac/dac_mcp4728.cpp" />
		<Unit filename="../Marlin/src/feature/dac/dac_mcp4728.h" />
		<Unit filename="../Marlin/src/feature/dac/stepper_dac.cpp" />
		<Unit filename="../Marlin/src/feature/dac/stepper_dac.h" />
		<Unit filename="../Marlin/src/feature/digipot/digipot.h" />
		<Unit filename="../Marlin/src/feature/digipot/digipot_mcp4018.cpp" />
		<Unit filename="../Marlin/src/feature/digipot/digipot_mcp4451.cpp" />
		<Unit filename="../Marlin/src/feature/emergency_parser.cpp" />
		<Unit filename="../Marlin/src/feature/emergency_parser.h" />
		<Unit filename="../Marlin/src/feature/fanmux.cpp" />
		<Unit filename="../Marlin/src/feature/fanmux.h" />
		<Unit filename="../Marlin/src/feature/filwidth.cpp" />
		<Unit filename="../Marlin/src/feature/filwidth.h" />
		<Unit filename="../Marlin/src/feature/fwretract.cpp" />
		<Unit filename="../Marlin/src/feature/fwretract.h" />
		<Unit filename="../Marlin/src/feature/leds/blinkm.cpp" />
		<Unit filename="../Marlin/src/feature/leds/blinkm.h" />
		<Unit filename="../Marlin/src/feature/leds/leds.cpp" />
		<Unit filename="../Marlin/src/feature/leds/leds.h" />
		<Unit filename="../Marlin/src/feature/leds/neopixel.cpp" />
		<Unit filename="../Marlin/src/feature/leds/neopixel.h" />
		<Unit filename="../Marlin/src/feature/leds/pca9632.cpp" />
		<Unit filename="../Marlin/src/feature/leds/pca9632.h" />
		<Unit filename="../Marlin/src/feature/leds/tempstat.cpp" />
		<Unit filename="../Marlin/src/feature/leds/tempstat.h" />
		<Unit filename="../Marlin/src/feature/mixing.cpp" />
		<Unit filename="../Marlin/src/feature/mixing.h" />
		<Unit filename="../Marlin/src/feature/pause.cpp" />
		<Unit filename="../Marlin/src/feature/pause.h" />
		<Unit filename="../Marlin/src/feature/power.cpp" />
		<Unit filename="../Marlin/src/feature/power.h" />
		<Unit filename="../Marlin/src/feature/power_loss_recovery.cpp" />
		<Unit filename="../Marlin/src/feature/power_loss_recovery.h" />
		<Unit filename="../Marlin/src/feature/runout.cpp" />
		<Unit filename="../Marlin/src/feature/runout.h" />
		<Unit filename="../Marlin/src/feature/snmm.cpp" />
		<Unit filename="../Marlin/src/feature/snmm.h" />
		<Unit filename="../Marlin/src/feature/solenoid.cpp" />
		<Unit filename="../Marlin/src/feature/solenoid.h" />
		<Unit filename="../Marlin/src/feature/tmc_util.cpp" />
		<Unit filename="../Marlin/src/feature/tmc_util.h" />
		<Unit filename="../Marlin/src/feature/twibus.cpp" />
		<Unit filename="../Marlin/src/feature/twibus.h" />
		<Unit filename="../Marlin/src/gcode/bedlevel/G26.cpp" />
		<Unit filename="../Marlin/src/gcode/bedlevel/G42.cpp" />
		<Unit filename="../Marlin/src/gcode/bedlevel/M420.cpp" />
		<Unit filename="../Marlin/src/gcode/bedlevel/abl/G29.cpp" />
		<Unit filename="../Marlin/src/gcode/bedlevel/abl/M421.cpp" />
		<Unit filename="../Marlin/src/gcode/bedlevel/mbl/G29.cpp" />
		<Unit filename="../Marlin/src/gcode/bedlevel/mbl/M421.cpp" />
		<Unit filename="../Marlin/src/gcode/bedlevel/ubl/G29.cpp" />
		<Unit filename="../Marlin/src/gcode/bedlevel/ubl/M421.cpp" />
		<Unit filename="../Marlin/src/gcode/bedlevel/ubl/M49.cpp" />
		<Unit filename="../Marlin/src/gcode/calibrate/G28.cpp" />
		<Unit filename="../Marlin/src/gcode/calibrate/G33.cpp" />
		<Unit filename="../Marlin/src/gcode/calibrate/M100.cpp" />
		<Unit filename="../Marlin/src/gcode/calibrate/M48.cpp" />
		<Unit filename="../Marlin/src/gcode/calibrate/M665.cpp" />
		<Unit filename="../Marlin/src/gcode/calibrate/M666.cpp" />
		<Unit filename="../Marlin/src/gcode/calibrate/M852.cpp" />
		<Unit filename="../Marlin/src/gcode/config/M200-M205.cpp" />
		<Unit filename="../Marlin/src/gcode/config/M218.cpp" />
		<Unit filename="../Marlin/src/gcode/config/M220.cpp" />
		<Unit filename="../Marlin/src/gcode/config/M221.cpp" />
		<Unit filename="../Marlin/src/gcode/config/M301.cpp" />
		<Unit filename="../Marlin/src/gcode/config/M302.cpp" />
		<Unit filename="../Marlin/src/gcode/config/M304.cpp" />
		<Unit filename="../Marlin/src/gcode/config/M43.cpp" />
		<Unit filename="../Marlin/src/gcode/config/M540.cpp" />
		<Unit filename="../Marlin/src/gcode/config/M92.cpp" />
		<Unit filename="../Marlin/src/gcode/control/M108_M112_M410.cpp" />
		<Unit filename="../Marlin/src/gcode/control/M111.cpp" />
		<Unit filename="../Marlin/src/gcode/control/M120_M121.cpp" />
		<Unit filename="../Marlin/src/gcode/control/M17_M18_M84.cpp" />
		<Unit filename="../Marlin/src/gcode/control/M211.cpp" />
		<Unit filename="../Marlin/src/gcode/control/M226.cpp" />
		<Unit filename="../Marlin/src/gcode/control/M280.cpp" />
		<Unit filename="../Marlin/src/gcode/control/M3-M5.cpp" />
		<Unit filename="../Marlin/src/gcode/control/M350_M351.cpp" />
		<Unit filename="../Marlin/src/gcode/control/M380_M381.cpp" />
		<Unit filename="../Marlin/src/gcode/control/M400.cpp" />
		<Unit filename="../Marlin/src/gcode/control/M42.cpp" />
		<Unit filename="../Marlin/src/gcode/control/M605.cpp" />
		<Unit filename="../Marlin/src/gcode/control/M80_M81.cpp" />
		<Unit filename="../Marlin/src/gcode/control/M85.cpp" />
		<Unit filename="../Marlin/src/gcode/control/M999.cpp" />
		<Unit filename="../Marlin/src/gcode/control/T.cpp" />
		<Unit filename="../Marlin/src/gcode/eeprom/M500-M504.cpp" />
		<Unit filename="../Marlin/src/gcode/feature/advance/M900.cpp" />
		<Unit filename="../Marlin/src/gcode/feature/baricuda/M126-M129.cpp" />
		<Unit filename="../Marlin/src/gcode/feature/camera/M240.cpp" />
		<Unit filename="../Marlin/src/gcode/feature/caselight/M355.cpp" />
		<Unit filename="../Marlin/src/gcode/feature/clean/G12.cpp" />
		<Unit filename="../Marlin/src/gcode/feature/digipot/M907-M910.cpp" />
		<Unit filename="../Marlin/src/gcode/feature/filwidth/M404-M407.cpp" />
		<Unit filename="../Marlin/src/gcode/feature/fwretract/G10_G11.cpp" />
		<Unit filename="../Marlin/src/gcode/feature/fwretract/M207-M209.cpp" />
		<Unit filename="../Marlin/src/gcode/feature/i2c/M260_M261.cpp" />
		<Unit filename="../Marlin/src/gcode/feature/leds/M150.cpp" />
		<Unit filename="../Marlin/src/gcode/feature/mixing/M163-M165.cpp" />
		<Unit filename="../Marlin/src/gcode/feature/pause/G27.cpp" />
		<Unit filename="../Marlin/src/gcode/feature/pause/M125.cpp" />
		<Unit filename="../Marlin/src/gcode/feature/pause/M600.cpp" />
		<Unit filename="../Marlin/src/gcode/feature/pause/M603.cpp" />
		<Unit filename="../Marlin/src/gcode/feature/pause/M701_M702.cpp" />
		<Unit filename="../Marlin/src/gcode/feature/trinamic/M122.cpp" />
		<Unit filename="../Marlin/src/gcode/feature/trinamic/M906.cpp" />
		<Unit filename="../Marlin/src/gcode/feature/trinamic/M911-M915.cpp" />
		<Unit filename="../Marlin/src/gcode/gcode.cpp" />
		<Unit filename="../Marlin/src/gcode/gcode.h" />
		<Unit filename="../Marlin/src/gcode/geometry/G17-G19.cpp" />
		<Unit filename="../Marlin/src/gcode/geometry/G53-G59.cpp" />
		<Unit filename="../Marlin/src/gcode/geometry/G92.cpp" />
		<Unit filename="../Marlin/src/gcode/geometry/M206_M428.cpp" />
		<Unit filename="../Marlin/src/gcode/host/M110.cpp" />
		<Unit filename="../Marlin/src/gcode/host/M113.cpp" />
		<Unit filename="../Marlin/src/gcode/host/M114.cpp" />
		<Unit filename="../Marlin/src/gcode/host/M115.cpp" />
		<Unit filename="../Marlin/src/gcode/host/M118.cpp" />
		<Unit filename="../Marlin/src/gcode/host/M119.cpp" />
		<Unit filename="../Marlin/src/gcode/lcd/M0_M1.cpp" />
		<Unit filename="../Marlin/src/gcode/lcd/M117.cpp" />
		<Unit filename="../Marlin/src/gcode/lcd/M145.cpp" />
		<Unit filename="../Marlin/src/gcode/lcd/M250.cpp" />
		<Unit filename="../Marlin/src/gcode/lcd/M300.cpp" />
		<Unit filename="../Marlin/src/gcode/lcd/M73.cpp" />
		<Unit filename="../Marlin/src/gcode/motion/G0_G1.cpp" />
		<Unit filename="../Marlin/src/gcode/motion/G2_G3.cpp" />
		<Unit filename="../Marlin/src/gcode/motion/G4.cpp" />
		<Unit filename="../Marlin/src/gcode/motion/G5.cpp" />
		<Unit filename="../Marlin/src/gcode/motion/M290.cpp" />
		<Unit filename="../Marlin/src/gcode/parser.cpp" />
		<Unit filename="../Marlin/src/gcode/parser.h" />
		<Unit filename="../Marlin/src/gcode/probe/G30.cpp" />
		<Unit filename="../Marlin/src/gcode/probe/G31_G32.cpp" />
		<Unit filename="../Marlin/src/gcode/probe/G38.cpp" />
		<Unit filename="../Marlin/src/gcode/probe/M401_M402.cpp" />
		<Unit filename="../Marlin/src/gcode/probe/M851.cpp" />
		<Unit filename="../Marlin/src/gcode/queue.cpp" />
		<Unit filename="../Marlin/src/gcode/queue.h" />
		<Unit filename="../Marlin/src/gcode/scara/M360-M364.cpp" />
		<Unit filename="../Marlin/src/gcode/sdcard/M20-M30_M32-M34_M928.cpp" />
		<Unit filename="../Marlin/src/gcode/stats/M31.cpp" />
		<Unit filename="../Marlin/src/gcode/stats/M75-M78.cpp" />
		<Unit filename="../Marlin/src/gcode/temperature/M104_M109.cpp" />
		<Unit filename="../Marlin/src/gcode/temperature/M105.cpp" />
		<Unit filename="../Marlin/src/gcode/temperature/M106_M107.cpp" />
		<Unit filename="../Marlin/src/gcode/temperature/M140_M190.cpp" />
		<Unit filename="../Marlin/src/gcode/temperature/M155.cpp" />
		<Unit filename="../Marlin/src/gcode/temperature/M303.cpp" />
		<Unit filename="../Marlin/src/gcode/units/G20_G21.cpp" />
		<Unit filename="../Marlin/src/gcode/units/M149.cpp" />
		<Unit filename="../Marlin/src/gcode/units/M82_M83.cpp" />
		<Unit filename="../Marlin/src/inc/Conditionals_LCD.h" />
		<Unit filename="../Marlin/src/inc/Conditionals_adv.h" />
		<Unit filename="../Marlin/src/inc/Conditionals_post.h" />
		<Unit filename="../Marlin/src/inc/MarlinConfig.h" />
		<Unit filename="../Marlin/src/inc/MarlinConfigPre.h" />
		<Unit filename="../Marlin/src/inc/SanityCheck.h" />
		<Unit filename="../Marlin/src/inc/Version.h" />
		<Unit filename="../Marlin/src/lcd/dogm/HAL_LCD_class_defines.h" />
		<Unit filename="../Marlin/src/lcd/dogm/HAL_LCD_com_defines.h" />
		<Unit filename="../Marlin/src/lcd/dogm/dogm_bitmaps.h" />
		<Unit filename="../Marlin/src/lcd/dogm/dogm_font_data_6x9_marlin.h" />
		<Unit filename="../Marlin/src/lcd/dogm/dogm_font_data_ISO10646_1.h" />
		<Unit filename="../Marlin/src/lcd/dogm/language_data_an.h" />
		<Unit filename="../Marlin/src/lcd/dogm/language_data_bg.h" />
		<Unit filename="../Marlin/src/lcd/dogm/language_data_ca.h" />
		<Unit filename="../Marlin/src/lcd/dogm/language_data_cz.h" />
		<Unit filename="../Marlin/src/lcd/dogm/language_data_da.h" />
		<Unit filename="../Marlin/src/lcd/dogm/language_data_de.h" />
		<Unit filename="../Marlin/src/lcd/dogm/language_data_el-gr.h" />
		<Unit filename="../Marlin/src/lcd/dogm/language_data_el.h" />
		<Unit filename="../Marlin/src/lcd/dogm/language_data_en.h" />
		<Unit filename="../Marlin/src/lcd/dogm/language_data_es.h" />
		<Unit filename="../Marlin/src/lcd/dogm/language_data_eu.h" />
		<Unit filename="../Marlin/src/lcd/dogm/language_data_fi.h" />
		<Unit filename="../Marlin/src/lcd/dogm/language_data_fr.h" />
		<Unit filename="../Marlin/src/lcd/dogm/language_data_gl.h" />
		<Unit filename="../Marlin/src/lcd/dogm/language_data_hr.h" />
		<Unit filename="../Marlin/src/lcd/dogm/language_data_it.h" />
		<Unit filename="../Marlin/src/lcd/dogm/language_data_jp-kana.h" />
		<Unit filename="../Marlin/src/lcd/dogm/language_data_nl.h" />
		<Unit filename="../Marlin/src/lcd/dogm/language_data_pl.h" />
		<Unit filename="../Marlin/src/lcd/dogm/language_data_pt-br.h" />
		<Unit filename="../Marlin/src/lcd/dogm/language_data_pt.h" />
		<Unit filename="../Marlin/src/lcd/dogm/language_data_ru.h" />
		<Unit filename="../Marlin/src/lcd/dogm/language_data_sk.h" />
		<Unit filename="../Marlin/src/lcd/dogm/language_data_test.h" />
		<Unit filename="../Marlin/src/lcd/dogm/language_data_tr.h" />
		<Unit filename="../Marlin/src/lcd/dogm/language_data_uk.h" />
		<Unit filename="../Marlin/src/lcd/dogm/language_data_zh_CN.h" />
		<Unit filename="../Marlin/src/lcd/dogm/language_data_zh_TW.h" />
		<Unit filename="../Marlin/src/lcd/dogm/status_screen_DOGM.h" />
		<Unit filename="../Marlin/src/lcd/dogm/status_screen_lite_ST7920.h" />
		<Unit filename="../Marlin/src/lcd/dogm/status_screen_lite_ST7920_class.h" />
		<Unit filename="../Marlin/src/lcd/dogm/status_screen_lite_ST7920_spi.h" />
		<Unit filename="../Marlin/src/lcd/dogm/u8g_dev_ssd1306_sh1106_128x64_I2C.cpp" />
		<Unit filename="../Marlin/src/lcd/dogm/u8g_dev_st7565_64128n_HAL.cpp" />
		<Unit filename="../Marlin/src/lcd/dogm/u8g_dev_st7920_128x64_HAL.cpp" />
		<Unit filename="../Marlin/src/lcd/dogm/u8g_dev_uc1701_mini12864_HAL.cpp" />
		<Unit filename="../Marlin/src/lcd/dogm/ultralcd_st7920_u8glib_rrd_AVR.cpp" />
		<Unit filename="../Marlin/src/lcd/fontutils.cpp" />
		<Unit filename="../Marlin/src/lcd/fontutils.h" />
		<Unit filename="../Marlin/src/lcd/language/language_an.h" />
		<Unit filename="../Marlin/src/lcd/language/language_bg.h" />
		<Unit filename="../Marlin/src/lcd/language/language_ca.h" />
		<Unit filename="../Marlin/src/lcd/language/language_cz.h" />
		<Unit filename="../Marlin/src/lcd/language/language_da.h" />
		<Unit filename="../Marlin/src/lcd/language/language_de.h" />
		<Unit filename="../Marlin/src/lcd/language/language_el-gr.h" />
		<Unit filename="../Marlin/src/lcd/language/language_el.h" />
		<Unit filename="../Marlin/src/lcd/language/language_en.h" />
		<Unit filename="../Marlin/src/lcd/language/language_es.h" />
		<Unit filename="../Marlin/src/lcd/language/language_eu.h" />
		<Unit filename="../Marlin/src/lcd/language/language_fi.h" />
		<Unit filename="../Marlin/src/lcd/language/language_fr.h" />
		<Unit filename="../Marlin/src/lcd/language/language_gl.h" />
		<Unit filename="../Marlin/src/lcd/language/language_hr.h" />
		<Unit filename="../Marlin/src/lcd/language/language_it.h" />
		<Unit filename="../Marlin/src/lcd/language/language_jp-kana.h" />
		<Unit filename="../Marlin/src/lcd/language/language_nl.h" />
		<Unit filename="../Marlin/src/lcd/language/language_pl.h" />
		<Unit filename="../Marlin/src/lcd/language/language_pt-br.h" />
		<Unit filename="../Marlin/src/lcd/language/language_pt.h" />
		<Unit filename="../Marlin/src/lcd/language/language_ru.h" />
		<Unit filename="../Marlin/src/lcd/language/language_sk.h" />
		<Unit filename="../Marlin/src/lcd/language/language_test.h" />
		<Unit filename="../Marlin/src/lcd/language/language_tr.h" />
		<Unit filename="../Marlin/src/lcd/language/language_uk.h" />
		<Unit filename="../Marlin/src/lcd/language/language_zh_CN.h" />
		<Unit filename="../Marlin/src/lcd/language/language_zh_TW.h" />
		<Unit filename="../Marlin/src/lcd/lcdprint.h" />
		<Unit filename="../Marlin/src/lcd/lcdprint_hd44780.cpp" />
		<Unit filename="../Marlin/src/lcd/lcdprint_u8g.cpp" />
		<Unit filename="../Marlin/src/lcd/malyanlcd.cpp" />
		<Unit filename="../Marlin/src/lcd/thermistornames.h" />
		<Unit filename="../Marlin/src/lcd/u8g_fontutf8.cpp" />
		<Unit filename="../Marlin/src/lcd/u8g_fontutf8.h" />
		<Unit filename="../Marlin/src/lcd/ultralcd.cpp" />
		<Unit filename="../Marlin/src/lcd/ultralcd.h" />
		<Unit filename="../Marlin/src/lcd/ultralcd_common_HD44780.h" />
		<Unit filename="../Marlin/src/lcd/ultralcd_impl_DOGM.h" />
		<Unit filename="../Marlin/src/lcd/ultralcd_impl_HD44780.h" />
		<Unit filename="../Marlin/src/libs/buzzer.cpp" />
		<Unit filename="../Marlin/src/libs/buzzer.h" />
		<Unit filename="../Marlin/src/libs/circularqueue.h" />
		<Unit filename="../Marlin/src/libs/duration_t.h" />
		<Unit filename="../Marlin/src/libs/hex_print_routines.cpp" />
		<Unit filename="../Marlin/src/libs/hex_print_routines.h" />
		<Unit filename="../Marlin/src/libs/least_squares_fit.cpp" />
		<Unit filename="../Marlin/src/libs/least_squares_fit.h" />
		<Unit filename="../Marlin/src/libs/nozzle.cpp" />
		<Unit filename="../Marlin/src/libs/nozzle.h" />
		<Unit filename="../Marlin/src/libs/point_t.h" />
		<Unit filename="../Marlin/src/libs/private_spi.h" />
		<Unit filename="../Marlin/src/libs/softspi.h" />
		<Unit filename="../Marlin/src/libs/stopwatch.cpp" />
		<Unit filename="../Marlin/src/libs/stopwatch.h" />
		<Unit filename="../Marlin/src/libs/vector_3.cpp" />
		<Unit filename="../Marlin/src/libs/vector_3.h" />
		<Unit filename="../Marlin/src/module/configuration_store.cpp" />
		<Unit filename="../Marlin/src/module/configuration_store.h" />
		<Unit filename="../Marlin/src/module/delta.cpp" />
		<Unit filename="../Marlin/src/module/delta.h" />
		<Unit filename="../Marlin/src/module/endstops.cpp" />
		<Unit filename="../Marlin/src/module/endstops.h" />
		<Unit filename="../Marlin/src/module/motion.cpp" />
		<Unit filename="../Marlin/src/module/motion.h" />
		<Unit filename="../Marlin/src/module/planner.cpp" />
		<Unit filename="../Marlin/src/module/planner.h" />
		<Unit filename="../Marlin/src/module/planner_bezier.cpp" />
		<Unit filename="../Marlin/src/module/planner_bezier.h" />
		<Unit filename="../Marlin/src/module/printcounter.cpp" />
		<Unit filename="../Marlin/src/module/printcounter.h" />
		<Unit filename="../Marlin/src/module/probe.cpp" />
		<Unit filename="../Marlin/src/module/probe.h" />
		<Unit filename="../Marlin/src/module/scara.cpp" />
		<Unit filename="../Marlin/src/module/scara.h" />
		<Unit filename="../Marlin/src/module/servo.cpp" />
		<Unit filename="../Marlin/src/module/servo.h" />
		<Unit filename="../Marlin/src/module/speed_lookuptable.h" />
		<Unit filename="../Marlin/src/module/stepper.cpp" />
		<Unit filename="../Marlin/src/module/stepper.h" />
		<Unit filename="../Marlin/src/module/stepper_indirection.cpp" />
		<Unit filename="../Marlin/src/module/stepper_indirection.h" />
		<Unit filename="../Marlin/src/module/temperature.cpp" />
		<Unit filename="../Marlin/src/module/temperature.h" />
		<Unit filename="../Marlin/src/module/thermistor/thermistor_1.h" />
		<Unit filename="../Marlin/src/module/thermistor/thermistor_10.h" />
		<Unit filename="../Marlin/src/module/thermistor/thermistor_1010.h" />
		<Unit filename="../Marlin/src/module/thermistor/thermistor_1047.h" />
		<Unit filename="../Marlin/src/module/thermistor/thermistor_11.h" />
		<Unit filename="../Marlin/src/module/thermistor/thermistor_110.h" />
		<Unit filename="../Marlin/src/module/thermistor/thermistor_12.h" />
		<Unit filename="../Marlin/src/module/thermistor/thermistor_13.h" />
		<Unit filename="../Marlin/src/module/thermistor/thermistor_147.h" />
		<Unit filename="../Marlin/src/module/thermistor/thermistor_15.h" />
		<Unit filename="../Marlin/src/module/thermistor/thermistor_2.h" />
		<Unit filename="../Marlin/src/module/thermistor/thermistor_20.h" />
		<Unit filename="../Marlin/src/module/thermistor/thermistor_3.h" />
		<Unit filename="../Marlin/src/module/thermistor/thermistor_4.h" />
		<Unit filename="../Marlin/src/module/thermistor/thermistor_5.h" />
		<Unit filename="../Marlin/src/module/thermistor/thermistor_51.h" />
		<Unit filename="../Marlin/src/module/thermistor/thermistor_52.h" />
		<Unit filename="../Marlin/src/module/thermistor/thermistor_55.h" />
		<Unit filename="../Marlin/src/module/thermistor/thermistor_6.h" />
		<Unit filename="../Marlin/src/module/thermistor/thermistor_60.h" />
		<Unit filename="../Marlin/src/module/thermistor/thermistor_66.h" />
		<Unit filename="../Marlin/src/module/thermistor/thermistor_7.h" />
		<Unit filename="../Marlin/src/module/thermistor/thermistor_70.h" />
		<Unit filename="../Marlin/src/module/thermistor/thermistor_71.h" />
		<Unit filename="../Marlin/src/module/thermistor/thermistor_75.h" />
		<Unit filename="../Marlin/src/module/thermistor/thermistor_8.h" />
		<Unit filename="../Marlin/src/module/thermistor/thermistor_9.h" />
		<Unit filename="../Marlin/src/module/thermistor/thermistor_998.h" />
		<Unit filename="../Marlin/src/module/thermistor/thermistor_999.h" />
		<Unit filename="../Marlin/src/module/thermistor/thermistor_CETUS.h" />
		<Unit filename="../Marlin/src/module/thermistor/thermistors.h" />
		<Unit filename="../Marlin/src/module/tool_change.cpp" />
		<Unit filename="../Marlin/src/module/tool_change.h" />
		<Unit filename="../Marlin/src/pins/pins.h" />
		<Unit filename="../Marlin/src/pins/pinsDebug.h" />
		<Unit filename="../Marlin/src/pins/pinsDebug_list.h" />
		<Unit filename="../Marlin/src/pins/pins_3DRAG.h" />
		<Unit filename="../Marlin/src/pins/pins_5DPRINT.h" />
		<Unit filename="../Marlin/src/pins/pins_ALLIGATOR_R2.h" />
		<Unit filename="../Marlin/src/pins/pins_ANET_10.h" />
		<Unit filename="../Marlin/src/pins/pins_ARCHIM2.h" />
		<Unit filename="../Marlin/src/pins/pins_AZSMZ_MINI.h" />
		<Unit filename="../Marlin/src/pins/pins_AZTEEG_X1.h" />
		<Unit filename="../Marlin/src/pins/pins_AZTEEG_X3.h" />
		<Unit filename="../Marlin/src/pins/pins_AZTEEG_X3_PRO.h" />
		<Unit filename="../Marlin/src/pins/pins_AZTEEG_X5_GT.h" />
		<Unit filename="../Marlin/src/pins/pins_BAM_DICE_DUE.h" />
		<Unit filename="../Marlin/src/pins/pins_BEAST.h" />
		<Unit filename="../Marlin/src/pins/pins_BIQU_BQ111_A4.h" />
		<Unit filename="../Marlin/src/pins/pins_BQ_ZUM_MEGA_3D.h" />
		<Unit filename="../Marlin/src/pins/pins_BRAINWAVE.h" />
		<Unit filename="../Marlin/src/pins/pins_BRAINWAVE_PRO.h" />
		<Unit filename="../Marlin/src/pins/pins_CETUS3D.h" />
		<Unit filename="../Marlin/src/pins/pins_CHEAPTRONIC.h" />
		<Unit filename="../Marlin/src/pins/pins_CHEAPTRONICv2.h" />
		<Unit filename="../Marlin/src/pins/pins_CHITU3D.h" />
		<Unit filename="../Marlin/src/pins/pins_CNCONTROLS_11.h" />
		<Unit filename="../Marlin/src/pins/pins_CNCONTROLS_12.h" />
		<Unit filename="../Marlin/src/pins/pins_COHESION3D_MINI.h" />
		<Unit filename="../Marlin/src/pins/pins_COHESION3D_REMIX.h" />
		<Unit filename="../Marlin/src/pins/pins_DUE3DOM.h" />
		<Unit filename="../Marlin/src/pins/pins_DUE3DOM_MINI.h" />
		<Unit filename="../Marlin/src/pins/pins_EINSY_RAMBO.h" />
		<Unit filename="../Marlin/src/pins/pins_EINSY_RETRO.h" />
		<Unit filename="../Marlin/src/pins/pins_ELEFU_3.h" />
		<Unit filename="../Marlin/src/pins/pins_FELIX2.h" />
		<Unit filename="../Marlin/src/pins/pins_GEN3_MONOLITHIC.h" />
		<Unit filename="../Marlin/src/pins/pins_GEN3_PLUS.h" />
		<Unit filename="../Marlin/src/pins/pins_GEN6.h" />
		<Unit filename="../Marlin/src/pins/pins_GEN6_DELUXE.h" />
		<Unit filename="../Marlin/src/pins/pins_GEN7_12.h" />
		<Unit filename="../Marlin/src/pins/pins_GEN7_13.h" />
		<Unit filename="../Marlin/src/pins/pins_GEN7_14.h" />
		<Unit filename="../Marlin/src/pins/pins_GEN7_CUSTOM.h" />
		<Unit filename="../Marlin/src/pins/pins_GT2560_REV_A.h" />
		<Unit filename="../Marlin/src/pins/pins_GT2560_REV_A_PLUS.h" />
		<Unit filename="../Marlin/src/pins/pins_K8200.h" />
		<Unit filename="../Marlin/src/pins/pins_K8400.h" />
		<Unit filename="../Marlin/src/pins/pins_LEAPFROG.h" />
		<Unit filename="../Marlin/src/pins/pins_MAKEBOARD_MINI.h" />
		<Unit filename="../Marlin/src/pins/pins_MALYAN_M200.h" />
		<Unit filename="../Marlin/src/pins/pins_MEGACONTROLLER.h" />
		<Unit filename="../Marlin/src/pins/pins_MEGATRONICS.h" />
		<Unit filename="../Marlin/src/pins/pins_MEGATRONICS_2.h" />
		<Unit filename="../Marlin/src/pins/pins_MEGATRONICS_3.h" />
		<Unit filename="../Marlin/src/pins/pins_MELZI.h" />
		<Unit filename="../Marlin/src/pins/pins_MELZI_CREALITY.h" />
		<Unit filename="../Marlin/src/pins/pins_MELZI_MAKR3D.h" />
		<Unit filename="../Marlin/src/pins/pins_MELZI_MALYAN.h" />
		<Unit filename="../Marlin/src/pins/pins_MELZI_TRONXY.h" />
		<Unit filename="../Marlin/src/pins/pins_MIGHTYBOARD_REVE.h" />
		<Unit filename="../Marlin/src/pins/pins_MINIRAMBO.h" />
		<Unit filename="../Marlin/src/pins/pins_MINITRONICS.h" />
		<Unit filename="../Marlin/src/pins/pins_MKS_BASE.h" />
		<Unit filename="../Marlin/src/pins/pins_MKS_BASE_15.h" />
		<Unit filename="../Marlin/src/pins/pins_MKS_BASE_HEROIC.h" />
		<Unit filename="../Marlin/src/pins/pins_MKS_GEN_13.h" />
		<Unit filename="../Marlin/src/pins/pins_MKS_GEN_L.h" />
		<Unit filename="../Marlin/src/pins/pins_MKS_SBASE.h" />
		<Unit filename="../Marlin/src/pins/pins_OMCA.h" />
		<Unit filename="../Marlin/src/pins/pins_OMCA_A.h" />
		<Unit filename="../Marlin/src/pins/pins_PRINTRBOARD.h" />
		<Unit filename="../Marlin/src/pins/pins_PRINTRBOARD_REVF.h" />
		<Unit filename="../Marlin/src/pins/pins_RADDS.h" />
		<Unit filename="../Marlin/src/pins/pins_RAMBO.h" />
		<Unit filename="../Marlin/src/pins/pins_RAMPS.h" />
		<Unit filename="../Marlin/src/pins/pins_RAMPS4DUE.h" />
		<Unit filename="../Marlin/src/pins/pins_RAMPS_13.h" />
		<Unit filename="../Marlin/src/pins/pins_RAMPS_DUO.h" />
		<Unit filename="../Marlin/src/pins/pins_RAMPS_ENDER_4.h" />
		<Unit filename="../Marlin/src/pins/pins_RAMPS_FD_V1.h" />
		<Unit filename="../Marlin/src/pins/pins_RAMPS_FD_V2.h" />
		<Unit filename="../Marlin/src/pins/pins_RAMPS_OLD.h" />
		<Unit filename="../Marlin/src/pins/pins_RAMPS_PLUS.h" />
		<Unit filename="../Marlin/src/pins/pins_RAMPS_RE_ARM.h" />
		<Unit filename="../Marlin/src/pins/pins_RAMPS_SMART.h" />
		<Unit filename="../Marlin/src/pins/pins_RIGIDBOARD.h" />
		<Unit filename="../Marlin/src/pins/pins_RIGIDBOARD_V2.h" />
		<Unit filename="../Marlin/src/pins/pins_RUMBA.h" />
		<Unit filename="../Marlin/src/pins/pins_RURAMPS4D.h" />
		<Unit filename="../Marlin/src/pins/pins_SAINSMART_2IN1.h" />
		<Unit filename="../Marlin/src/pins/pins_SANGUINOLOLU_11.h" />
		<Unit filename="../Marlin/src/pins/pins_SANGUINOLOLU_12.h" />
		<Unit filename="../Marlin/src/pins/pins_SAV_MKI.h" />
		<Unit filename="../Marlin/src/pins/pins_SCOOVO_X9H.h" />
		<Unit filename="../Marlin/src/pins/pins_SELENA_COMPACT.h" />
		<Unit filename="../Marlin/src/pins/pins_SETHI.h" />
		<Unit filename="../Marlin/src/pins/pins_SILVER_GATE.h" />
		<Unit filename="../Marlin/src/pins/pins_STB_11.h" />
		<Unit filename="../Marlin/src/pins/pins_STM32F1R.h" />
		<Unit filename="../Marlin/src/pins/pins_STM32F4.h" />
		<Unit filename="../Marlin/src/pins/pins_STM3R_MINI.h" />
		<Unit filename="../Marlin/src/pins/pins_TEENSY2.h" />
		<Unit filename="../Marlin/src/pins/pins_TEENSY35_36.h" />
		<Unit filename="../Marlin/src/pins/pins_TEENSYLU.h" />
		<Unit filename="../Marlin/src/pins/pins_THE_BORG.h" />
		<Unit filename="../Marlin/src/pins/pins_TRIGORILLA_13.h" />
		<Unit filename="../Marlin/src/pins/pins_TRIGORILLA_14.h" />
		<Unit filename="../Marlin/src/pins/pins_ULTIMAIN_2.h" />
		<Unit filename="../Marlin/src/pins/pins_ULTIMAKER.h" />
		<Unit filename="../Marlin/src/pins/pins_ULTIMAKER_OLD.h" />
		<Unit filename="../Marlin/src/pins/pins_ULTRATRONICS_PRO.h" />
		<Unit filename="../Marlin/src/pins/pins_ZRIB_V20.h" />
		<Unit filename="../Marlin/src/sd/Sd2Card.cpp" />
		<Unit filename="../Marlin/src/sd/Sd2Card.h" />
		<Unit filename="../Marlin/src/sd/SdBaseFile.cpp" />
		<Unit filename="../Marlin/src/sd/SdBaseFile.h" />
		<Unit filename="../Marlin/src/sd/SdFatConfig.h" />
		<Unit filename="../Marlin/src/sd/SdFatStructs.h" />
		<Unit filename="../Marlin/src/sd/SdFatUtil.cpp" />
		<Unit filename="../Marlin/src/sd/SdFatUtil.h" />
		<Unit filename="../Marlin/src/sd/SdFile.cpp" />
		<Unit filename="../Marlin/src/sd/SdFile.h" />
		<Unit filename="../Marlin/src/sd/SdInfo.h" />
		<Unit filename="../Marlin/src/sd/SdVolume.cpp" />
		<Unit filename="../Marlin/src/sd/SdVolume.h" />
		<Unit filename="../Marlin/src/sd/cardreader.cpp" />
		<Unit filename="../Marlin/src/sd/cardreader.h" />
		<Extensions>
			<code_completion />
			<envvars />
			<debugger />
			<lib_finder disable_auto="1" />
		</Extensions>
	</Project>
</CodeBlocks_project_file>
